
Microsoft Visual Studio Solution File, Format Version 12.00
# Visual Studio Version 17
VisualStudioVersion = 17.9.34714.143
MinimumVisualStudioVersion = 10.0.40219.1
Project("{2150E333-8FDC-42A3-9474-1A3956D46DE8}") = "Services", "Services", "{EA9585E3-28FA-4BC4-963F-712F2E0500D9}"
EndProject
Project("{2150E333-8FDC-42A3-9474-1A3956D46DE8}") = "Catalog", "Catalog", "{0FDBFE0A-9C34-40D2-9E32-8135AA28D9AC}"
EndProject
Project("{9A19103F-16F7-4668-BE54-9A1E7A4F7556}") = "Catalog.API", "Services\Catalog\Catalop.API\Catalog.API.csproj", "{FFE1042E-0BEF-49A8-917C-930470FF9166}"
EndProject
Project("{2150E333-8FDC-42A3-9474-1A3956D46DE8}") = "BuildingBlocks", "BuildingBlocks", "{FF3A7CE9-5096-4AFF-A145-C8C85AE2F560}"
EndProject
Project("{9A19103F-16F7-4668-BE54-9A1E7A4F7556}") = "BuildingBlocks", "BuildingBlocks\BuildingBlocks\BuildingBlocks.csproj", "{EA7F820E-26FE-4989-8222-2526CAB95C5A}"
EndProject
Project("{E53339B2-1760-4266-BCC7-CA923CBCF16C}") = "docker-compose", "docker-compose.dcproj", "{7773E4B7-2723-45C2-BA83-24D4842F8A11}"
EndProject
Project("{2150E333-8FDC-42A3-9474-1A3956D46DE8}") = "Basket", "Basket", "{73AFE9E6-0749-4157-9A0E-132393089492}"
EndProject
Project("{9A19103F-16F7-4668-BE54-9A1E7A4F7556}") = "Basket.API", "Services\Basket\Basket.API\Basket.API.csproj", "{2099680D-D9B8-458F-8D5E-71E692E9A03E}"
EndProject
Project("{2150E333-8FDC-42A3-9474-1A3956D46DE8}") = "Discount", "Discount", "{4C84BAA3-359C-4567-9468-8AFC79448393}"
EndProject
Project("{9A19103F-16F7-4668-BE54-9A1E7A4F7556}") = "Discount.GRPC", "Services\Discount\Discount.GRPC\Discount.GRPC.csproj", "{E3BAF733-0944-409C-9AF4-F9AF467F6BB6}"
EndProject
Project("{2150E333-8FDC-42A3-9474-1A3956D46DE8}") = "Ordering", "Ordering", "{62D5DAF5-DA32-4828-9BFE-4C72EA061ACB}"
EndProject
Project("{9A19103F-16F7-4668-BE54-9A1E7A4F7556}") = "Ordering.API", "Services\Ordering\Ordering.API\Ordering.API.csproj", "{959A5D2C-F932-47AB-8B2A-FA1B8146DCBA}"
EndProject
Project("{9A19103F-16F7-4668-BE54-9A1E7A4F7556}") = "Ordering.Domain", "Services\Ordering\Ordering.Domain\Ordering.Domain.csproj", "{74466193-0F3A-43DF-97CD-7E1830684CD5}"
EndProject
Project("{9A19103F-16F7-4668-BE54-9A1E7A4F7556}") = "Ordering.Application", "Services\Ordering\Ordering.Application\Ordering.Application.csproj", "{C75C2B39-B302-421C-8A0A-B66CBA964A7B}"
EndProject
Project("{9A19103F-16F7-4668-BE54-9A1E7A4F7556}") = "Ordering.Infrastructure", "Services\Ordering\Ordering.Infrastructure\Ordering.Infrastructure.csproj", "{A7BE001D-BEB3-4882-B703-E558B7659F51}"
EndProject
Project("{9A19103F-16F7-4668-BE54-9A1E7A4F7556}") = "BuildingBlocks.Messaging", "BuildingBlocks\BuildingBlocks.Messaging\BuildingBlocks.Messaging.csproj", "{D9FABEEA-FEF8-4AA2-B08E-954B7F619137}"
EndProject
Project("{2150E333-8FDC-42A3-9474-1A3956D46DE8}") = "APIGateways", "APIGateways", "{4E6790D1-01AF-41A6-9587-875CCF30363A}"
EndProject
Project("{FAE04EC0-301F-11D3-BF4B-00C04F79EFBC}") = "YarpApiGateway", "ApiGateways\YarpApiGateway\YarpApiGateway.csproj", "{D646FAFB-D79F-4D94-AD7B-B249465F9B58}"
EndProject
Global
	GlobalSection(SolutionConfigurationPlatforms) = preSolution
		Debug|Any CPU = Debug|Any CPU
		Release|Any CPU = Release|Any CPU
	EndGlobalSection
	GlobalSection(ProjectConfigurationPlatforms) = postSolution
		{FFE1042E-0BEF-49A8-917C-930470FF9166}.Debug|Any CPU.ActiveCfg = Debug|Any CPU
		{FFE1042E-0BEF-49A8-917C-930470FF9166}.Debug|Any CPU.Build.0 = Debug|Any CPU
		{FFE1042E-0BEF-49A8-917C-930470FF9166}.Release|Any CPU.ActiveCfg = Release|Any CPU
		{FFE1042E-0BEF-49A8-917C-930470FF9166}.Release|Any CPU.Build.0 = Release|Any CPU
		{EA7F820E-26FE-4989-8222-2526CAB95C5A}.Debug|Any CPU.ActiveCfg = Debug|Any CPU
		{EA7F820E-26FE-4989-8222-2526CAB95C5A}.Debug|Any CPU.Build.0 = Debug|Any CPU
		{EA7F820E-26FE-4989-8222-2526CAB95C5A}.Release|Any CPU.ActiveCfg = Release|Any CPU
		{EA7F820E-26FE-4989-8222-2526CAB95C5A}.Release|Any CPU.Build.0 = Release|Any CPU
		{7773E4B7-2723-45C2-BA83-24D4842F8A11}.Debug|Any CPU.ActiveCfg = Debug|Any CPU
		{7773E4B7-2723-45C2-BA83-24D4842F8A11}.Debug|Any CPU.Build.0 = Debug|Any CPU
		{7773E4B7-2723-45C2-BA83-24D4842F8A11}.Release|Any CPU.ActiveCfg = Release|Any CPU
		{7773E4B7-2723-45C2-BA83-24D4842F8A11}.Release|Any CPU.Build.0 = Release|Any CPU
		{2099680D-D9B8-458F-8D5E-71E692E9A03E}.Debug|Any CPU.ActiveCfg = Debug|Any CPU
		{2099680D-D9B8-458F-8D5E-71E692E9A03E}.Debug|Any CPU.Build.0 = Debug|Any CPU
		{2099680D-D9B8-458F-8D5E-71E692E9A03E}.Release|Any CPU.ActiveCfg = Release|Any CPU
		{2099680D-D9B8-458F-8D5E-71E692E9A03E}.Release|Any CPU.Build.0 = Release|Any CPU
		{E3BAF733-0944-409C-9AF4-F9AF467F6BB6}.Debug|Any CPU.ActiveCfg = Debug|Any CPU
		{E3BAF733-0944-409C-9AF4-F9AF467F6BB6}.Debug|Any CPU.Build.0 = Debug|Any CPU
		{E3BAF733-0944-409C-9AF4-F9AF467F6BB6}.Release|Any CPU.ActiveCfg = Release|Any CPU
		{E3BAF733-0944-409C-9AF4-F9AF467F6BB6}.Release|Any CPU.Build.0 = Release|Any CPU
		{959A5D2C-F932-47AB-8B2A-FA1B8146DCBA}.Debug|Any CPU.ActiveCfg = Debug|Any CPU
		{959A5D2C-F932-47AB-8B2A-FA1B8146DCBA}.Debug|Any CPU.Build.0 = Debug|Any CPU
		{959A5D2C-F932-47AB-8B2A-FA1B8146DCBA}.Release|Any CPU.ActiveCfg = Release|Any CPU
		{959A5D2C-F932-47AB-8B2A-FA1B8146DCBA}.Release|Any CPU.Build.0 = Release|Any CPU
		{74466193-0F3A-43DF-97CD-7E1830684CD5}.Debug|Any CPU.ActiveCfg = Debug|Any CPU
		{74466193-0F3A-43DF-97CD-7E1830684CD5}.Debug|Any CPU.Build.0 = Debug|Any CPU
		{74466193-0F3A-43DF-97CD-7E1830684CD5}.Release|Any CPU.ActiveCfg = Release|Any CPU
		{74466193-0F3A-43DF-97CD-7E1830684CD5}.Release|Any CPU.Build.0 = Release|Any CPU
		{C75C2B39-B302-421C-8A0A-B66CBA964A7B}.Debug|Any CPU.ActiveCfg = Debug|Any CPU
		{C75C2B39-B302-421C-8A0A-B66CBA964A7B}.Debug|Any CPU.Build.0 = Debug|Any CPU
		{C75C2B39-B302-421C-8A0A-B66CBA964A7B}.Release|Any CPU.ActiveCfg = Release|Any CPU
		{C75C2B39-B302-421C-8A0A-B66CBA964A7B}.Release|Any CPU.Build.0 = Release|Any CPU
		{A7BE001D-BEB3-4882-B703-E558B7659F51}.Debug|Any CPU.ActiveCfg = Debug|Any CPU
		{A7BE001D-BEB3-4882-B703-E558B7659F51}.Debug|Any CPU.Build.0 = Debug|Any CPU
		{A7BE001D-BEB3-4882-B703-E558B7659F51}.Release|Any CPU.ActiveCfg = Release|Any CPU
		{A7BE001D-BEB3-4882-B703-E558B7659F51}.Release|Any CPU.Build.0 = Release|Any CPU
		{D9FABEEA-FEF8-4AA2-B08E-954B7F619137}.Debug|Any CPU.ActiveCfg = Debug|Any CPU
		{D9FABEEA-FEF8-4AA2-B08E-954B7F619137}.Debug|Any CPU.Build.0 = Debug|Any CPU
		{D9FABEEA-FEF8-4AA2-B08E-954B7F619137}.Release|Any CPU.ActiveCfg = Release|Any CPU
		{D9FABEEA-FEF8-4AA2-B08E-954B7F619137}.Release|Any CPU.Build.0 = Release|Any CPU
		{D646FAFB-D79F-4D94-AD7B-B249465F9B58}.Debug|Any CPU.ActiveCfg = Debug|Any CPU
		{D646FAFB-D79F-4D94-AD7B-B249465F9B58}.Debug|Any CPU.Build.0 = Debug|Any CPU
		{D646FAFB-D79F-4D94-AD7B-B249465F9B58}.Release|Any CPU.ActiveCfg = Release|Any CPU
		{D646FAFB-D79F-4D94-AD7B-B249465F9B58}.Release|Any CPU.Build.0 = Release|Any CPU
	EndGlobalSection
	GlobalSection(SolutionProperties) = preSolution
		HideSolutionNode = FALSE
	EndGlobalSection
	GlobalSection(NestedProjects) = preSolution
		{0FDBFE0A-9C34-40D2-9E32-8135AA28D9AC} = {EA9585E3-28FA-4BC4-963F-712F2E0500D9}
		{FFE1042E-0BEF-49A8-917C-930470FF9166} = {0FDBFE0A-9C34-40D2-9E32-8135AA28D9AC}
		{EA7F820E-26FE-4989-8222-2526CAB95C5A} = {FF3A7CE9-5096-4AFF-A145-C8C85AE2F560}
		{73AFE9E6-0749-4157-9A0E-132393089492} = {EA9585E3-28FA-4BC4-963F-712F2E0500D9}
		{2099680D-D9B8-458F-8D5E-71E692E9A03E} = {73AFE9E6-0749-4157-9A0E-132393089492}
		{4C84BAA3-359C-4567-9468-8AFC79448393} = {EA9585E3-28FA-4BC4-963F-712F2E0500D9}
		{E3BAF733-0944-409C-9AF4-F9AF467F6BB6} = {4C84BAA3-359C-4567-9468-8AFC79448393}
		{62D5DAF5-DA32-4828-9BFE-4C72EA061ACB} = {EA9585E3-28FA-4BC4-963F-712F2E0500D9}
		{959A5D2C-F932-47AB-8B2A-FA1B8146DCBA} = {62D5DAF5-DA32-4828-9BFE-4C72EA061ACB}
		{74466193-0F3A-43DF-97CD-7E1830684CD5} = {62D5DAF5-DA32-4828-9BFE-4C72EA061ACB}
		{C75C2B39-B302-421C-8A0A-B66CBA964A7B} = {62D5DAF5-DA32-4828-9BFE-4C72EA061ACB}
		{A7BE001D-BEB3-4882-B703-E558B7659F51} = {62D5DAF5-DA32-4828-9BFE-4C72EA061ACB}
		{D9FABEEA-FEF8-4AA2-B08E-954B7F619137} = {FF3A7CE9-5096-4AFF-A145-C8C85AE2F560}
		{D646FAFB-D79F-4D94-AD7B-B249465F9B58} = {4E6790D1-01AF-41A6-9587-875CCF30363A}
	EndGlobalSection
	GlobalSection(ExtensibilityGlobals) = postSolution
		SolutionGuid = {8561BC51-0784-42F0-916E-0E7D4A80A9B5}
	EndGlobalSection
EndGlobal
